
Microsoft Visual Studio Solution File, Format Version 12.00
# Visual Studio 15
VisualStudioVersion = 15.0.28307.489
MinimumVisualStudioVersion = 10.0.40219.1
Project("{FAE04EC0-301F-11D3-BF4B-00C04F79EFBC}") = "Race_Game_Ashu", "Race_Game_Ashu\Race_Game_Ashu.csproj", "{179CED67-D14E-4745-BB16-59C47C98C8A6}"
EndProject
Project("{FAE04EC0-301F-11D3-BF4B-00C04F79EFBC}") = "Race_Game_AshuTests", "Race_Game_AshuTests\Race_Game_AshuTests.csproj", "{AD6B761F-06E7-47F8-9B88-4BA0574A2163}"
EndProject
Global
	GlobalSection(SolutionConfigurationPlatforms) = preSolution
		Debug|Any CPU = Debug|Any CPU
		Release|Any CPU = Release|Any CPU
	EndGlobalSection
	GlobalSection(ProjectConfigurationPlatforms) = postSolution
		{179CED67-D14E-4745-BB16-59C47C98C8A6}.Debug|Any CPU.ActiveCfg = Debug|Any CPU
		{179CED67-D14E-4745-BB16-59C47C98C8A6}.Debug|Any CPU.Build.0 = Debug|Any CPU
		{179CED67-D14E-4745-BB16-59C47C98C8A6}.Release|Any CPU.ActiveCfg = Release|Any CPU
		{179CED67-D14E-4745-BB16-59C47C98C8A6}.Release|Any CPU.Build.0 = Release|Any CPU
		{AD6B761F-06E7-47F8-9B88-4BA0574A2163}.Debug|Any CPU.ActiveCfg = Debug|Any CPU
		{AD6B761F-06E7-47F8-9B88-4BA0574A2163}.Debug|Any CPU.Build.0 = Debug|Any CPU
		{AD6B761F-06E7-47F8-9B88-4BA0574A2163}.Release|Any CPU.ActiveCfg = Release|Any CPU
		{AD6B761F-06E7-47F8-9B88-4BA0574A2163}.Release|Any CPU.Build.0 = Release|Any CPU
	EndGlobalSection
	GlobalSection(SolutionProperties) = preSolution
		HideSolutionNode = FALSE
	EndGlobalSection
	GlobalSection(ExtensibilityGlobals) = postSolution
		SolutionGuid = {E2B21E40-38E4-4BC5-AC81-A1F159F0B905}
	EndGlobalSection
EndGlobal
